// !$*UTF8*$!
{
	archiveVersion = 1;
	classes = {
	};
	objectVersion = 50;
	objects = {

/* Begin PBXBuildFile section */
		5FC824413C839AE1933BA73A /* libPods-IsolatedIsland Demo.a in Frameworks */ = {isa = PBXBuildFile; fileRef = 7811CCCF34EC7DE14DFA4EA7 /* libPods-IsolatedIsland Demo.a */; };
		7C4FC25223D7350300D515E2 /* IIMessageVIew.m in Sources */ = {isa = PBXBuildFile; fileRef = 7C4FC25123D7350300D515E2 /* IIMessageVIew.m */; };
		7C72B46B23D06A26006435F4 /* AppDelegate.m in Sources */ = {isa = PBXBuildFile; fileRef = 7C72B46A23D06A26006435F4 /* AppDelegate.m */; };
		7C72B46E23D06A26006435F4 /* ViewController.m in Sources */ = {isa = PBXBuildFile; fileRef = 7C72B46D23D06A26006435F4 /* ViewController.m */; };
		7C72B47123D06A26006435F4 /* Main.storyboard in Resources */ = {isa = PBXBuildFile; fileRef = 7C72B46F23D06A26006435F4 /* Main.storyboard */; };
		7C72B47323D06A34006435F4 /* Assets.xcassets in Resources */ = {isa = PBXBuildFile; fileRef = 7C72B47223D06A34006435F4 /* Assets.xcassets */; };
		7C72B47623D06A34006435F4 /* LaunchScreen.storyboard in Resources */ = {isa = PBXBuildFile; fileRef = 7C72B47423D06A34006435F4 /* LaunchScreen.storyboard */; };
		7C72B47923D06A34006435F4 /* main.m in Sources */ = {isa = PBXBuildFile; fileRef = 7C72B47823D06A34006435F4 /* main.m */; };
		7C72B48E23D07303006435F4 /* LandingRegistrationView.m in Sources */ = {isa = PBXBuildFile; fileRef = 7C72B48D23D07303006435F4 /* LandingRegistrationView.m */; };
		7C72B49723D079B1006435F4 /* IILandRegistrationViewController.m in Sources */ = {isa = PBXBuildFile; fileRef = 7C72B49623D079B1006435F4 /* IILandRegistrationViewController.m */; };
		7C72B49A23D079F3006435F4 /* IILandViewController.m in Sources */ = {isa = PBXBuildFile; fileRef = 7C72B49923D079F3006435F4 /* IILandViewController.m */; };
		7C72B49D23D07A0C006435F4 /* IILandView.m in Sources */ = {isa = PBXBuildFile; fileRef = 7C72B49C23D07A0C006435F4 /* IILandView.m */; };
		7C72B4A123D07AFF006435F4 /* back.png in Resources */ = {isa = PBXBuildFile; fileRef = 7C72B4A023D07AFF006435F4 /* back.png */; };
		7C72B4A323D07C95006435F4 /* spot.png in Resources */ = {isa = PBXBuildFile; fileRef = 7C72B4A223D07C95006435F4 /* spot.png */; };
		7C72B4A523D0B30D006435F4 /* mimakejian.png in Resources */ = {isa = PBXBuildFile; fileRef = 7C72B4A423D0B30D006435F4 /* mimakejian.png */; };
		7C72B4AB23D0B383006435F4 /* htmal5icon08-2.png in Resources */ = {isa = PBXBuildFile; fileRef = 7C72B4A923D0B383006435F4 /* htmal5icon08-2.png */; };
		7C90DF4A23D962B600AF04B6 /* jiahaoyou.png in Resources */ = {isa = PBXBuildFile; fileRef = 7C90DF4923D962B600AF04B6 /* jiahaoyou.png */; };
		7C90DF4D23D964D100AF04B6 /* IIGroupMessageTableViewCell.m in Sources */ = {isa = PBXBuildFile; fileRef = 7C90DF4C23D964D100AF04B6 /* IIGroupMessageTableViewCell.m */; };
		7C90DF5023D9835300AF04B6 /* IIMessageGroupModel.m in Sources */ = {isa = PBXBuildFile; fileRef = 7C90DF4F23D9835300AF04B6 /* IIMessageGroupModel.m */; };
		7C90DF5223D987BC00AF04B6 /* tishi.png in Resources */ = {isa = PBXBuildFile; fileRef = 7C90DF5123D987BC00AF04B6 /* tishi.png */; };
		7C90DF5423D987E200AF04B6 /* fangke.png in Resources */ = {isa = PBXBuildFile; fileRef = 7C90DF5323D987E200AF04B6 /* fangke.png */; };
		7C90DF5623D9891D00AF04B6 /* sixin.png in Resources */ = {isa = PBXBuildFile; fileRef = 7C90DF5523D9891D00AF04B6 /* sixin.png */; };
		7C90DF5C23D9CED000AF04B6 /* IIMessageBounceView.m in Sources */ = {isa = PBXBuildFile; fileRef = 7C90DF5B23D9CED000AF04B6 /* IIMessageBounceView.m */; };
		7C90DF5F23D9CFC600AF04B6 /* IIMessagecellView.m in Sources */ = {isa = PBXBuildFile; fileRef = 7C90DF5E23D9CFC600AF04B6 /* IIMessagecellView.m */; };
		7C90DF6123D9DDF300AF04B6 /* tianjia.png in Resources */ = {isa = PBXBuildFile; fileRef = 7C90DF6023D9DDF300AF04B6 /* tianjia.png */; };
		7C90DF6323D9DE4000AF04B6 /* haoyou.png in Resources */ = {isa = PBXBuildFile; fileRef = 7C90DF6223D9DE4000AF04B6 /* haoyou.png */; };
		7C90DF6523D9DE5A00AF04B6 /* saoyisao-2.png in Resources */ = {isa = PBXBuildFile; fileRef = 7C90DF6423D9DE5A00AF04B6 /* saoyisao-2.png */; };
		7CB36ECA23D4A09B0043EBE7 /* IIMIneFourView.m in Sources */ = {isa = PBXBuildFile; fileRef = 7CB36EC923D4A09B0043EBE7 /* IIMIneFourView.m */; };
		7CB36ECC23D4AB560043EBE7 /* jiahao.png in Resources */ = {isa = PBXBuildFile; fileRef = 7CB36ECB23D4AB560043EBE7 /* jiahao.png */; };
		7CBC95CE23D58297006EB363 /* IIMIneTableViewCell.m in Sources */ = {isa = PBXBuildFile; fileRef = 7CBC95CD23D58297006EB363 /* IIMIneTableViewCell.m */; };
		7CBC95D023D58948006EB363 /* zhankai-4.png in Resources */ = {isa = PBXBuildFile; fileRef = 7CBC95CF23D58948006EB363 /* zhankai-4.png */; };
		7CBC95D223D589ED006EB363 /* 设置.png in Resources */ = {isa = PBXBuildFile; fileRef = 7CBC95D123D589ED006EB363 /* 设置.png */; };
		7CBC95D423D58A25006EB363 /* 表情管理.png in Resources */ = {isa = PBXBuildFile; fileRef = 7CBC95D323D58A25006EB363 /* 表情管理.png */; };
		7CBC95D623D58A5B006EB363 /* 私密信箱.png in Resources */ = {isa = PBXBuildFile; fileRef = 7CBC95D523D58A5B006EB363 /* 私密信箱.png */; };
		7CBC95D823D58B2D006EB363 /* 管理岛屿.png in Resources */ = {isa = PBXBuildFile; fileRef = 7CBC95D723D58B2D006EB363 /* 管理岛屿.png */; };
		7CBC95DB23D5F042006EB363 /* IIMIneBounceView.m in Sources */ = {isa = PBXBuildFile; fileRef = 7CBC95DA23D5F042006EB363 /* IIMIneBounceView.m */; };
		7CBC95DD23D60289006EB363 /* anzhuoduanliulanqidakai.png in Resources */ = {isa = PBXBuildFile; fileRef = 7CBC95DC23D60289006EB363 /* anzhuoduanliulanqidakai.png */; };
		7CBC95DF23D602E9006EB363 /* shantang-map-2.png in Resources */ = {isa = PBXBuildFile; fileRef = 7CBC95DE23D602E9006EB363 /* shantang-map-2.png */; };
		7CBC95E123D60BAF006EB363 /* 8B240582-2C3F-41BA-937F-38B440174DAC.png in Resources */ = {isa = PBXBuildFile; fileRef = 7CBC95E023D60BAF006EB363 /* 8B240582-2C3F-41BA-937F-38B440174DAC.png */; };
		7CE4D2B723D2C127004D6308 /* IIRegistrationViewController.m in Sources */ = {isa = PBXBuildFile; fileRef = 7CE4D2B623D2C127004D6308 /* IIRegistrationViewController.m */; };
		7CE4D2BA23D2C28B004D6308 /* IIRegistrationView.m in Sources */ = {isa = PBXBuildFile; fileRef = 7CE4D2B923D2C28B004D6308 /* IIRegistrationView.m */; };
		7CE4D2BD23D2C9A6004D6308 /* landSpot.png in Resources */ = {isa = PBXBuildFile; fileRef = 7CE4D2BC23D2C9A6004D6308 /* landSpot.png */; };
		7CE4D2C423D2CF9E004D6308 /* IIForgetPageViewController.m in Sources */ = {isa = PBXBuildFile; fileRef = 7CE4D2C323D2CF9E004D6308 /* IIForgetPageViewController.m */; };
		7CE4D2C723D2D125004D6308 /* IIForgetView.m in Sources */ = {isa = PBXBuildFile; fileRef = 7CE4D2C623D2D125004D6308 /* IIForgetView.m */; };
		7CE4D2DA23D2F3A5004D6308 /* IIMineViewController.m in Sources */ = {isa = PBXBuildFile; fileRef = 7CE4D2D923D2F3A5004D6308 /* IIMineViewController.m */; };
		7CE4D2DD23D2F3B8004D6308 /* IIMessageViewController.m in Sources */ = {isa = PBXBuildFile; fileRef = 7CE4D2DC23D2F3B8004D6308 /* IIMessageViewController.m */; };
		7CE4D2E023D2F3D3004D6308 /* IIFindPageViewController.m in Sources */ = {isa = PBXBuildFile; fileRef = 7CE4D2DF23D2F3D3004D6308 /* IIFindPageViewController.m */; };
		7CE4D2E323D2F3E4004D6308 /* IIHomePageViewController.m in Sources */ = {isa = PBXBuildFile; fileRef = 7CE4D2E223D2F3E4004D6308 /* IIHomePageViewController.m */; };
		7CE4D2EA23D2F7B4004D6308 /* home.png in Resources */ = {isa = PBXBuildFile; fileRef = 7CE4D2E923D2F7B4004D6308 /* home.png */; };
		7CE4D2EC23D2F7BA004D6308 /* find.png in Resources */ = {isa = PBXBuildFile; fileRef = 7CE4D2EB23D2F7BA004D6308 /* find.png */; };
		7CE4D2EE23D2F7BF004D6308 /* message.png in Resources */ = {isa = PBXBuildFile; fileRef = 7CE4D2ED23D2F7BF004D6308 /* message.png */; };
		7CE4D2F023D2F7C4004D6308 /* mine.png in Resources */ = {isa = PBXBuildFile; fileRef = 7CE4D2EF23D2F7C4004D6308 /* mine.png */; };
		7CE4D2F223D2F82B004D6308 /* homeSelect.png in Resources */ = {isa = PBXBuildFile; fileRef = 7CE4D2F123D2F82B004D6308 /* homeSelect.png */; };
		7CE4D2F423D2F831004D6308 /* findSelect.png in Resources */ = {isa = PBXBuildFile; fileRef = 7CE4D2F323D2F830004D6308 /* findSelect.png */; };
		7CE4D2F623D2F835004D6308 /* messageSelect.png in Resources */ = {isa = PBXBuildFile; fileRef = 7CE4D2F523D2F835004D6308 /* messageSelect.png */; };
		7CE4D2F823D2F83A004D6308 /* mineSelect.png in Resources */ = {isa = PBXBuildFile; fileRef = 7CE4D2F723D2F83A004D6308 /* mineSelect.png */; };
		7CE4D2FA23D33203004D6308 /* shouye-6.png in Resources */ = {isa = PBXBuildFile; fileRef = 7CE4D2F923D33203004D6308 /* shouye-6.png */; };
		7CE4D2FC23D33208004D6308 /* shouye-5.png in Resources */ = {isa = PBXBuildFile; fileRef = 7CE4D2FB23D33208004D6308 /* shouye-5.png */; };
		7CE4D2FE23D33295004D6308 /* shouye-7.png in Resources */ = {isa = PBXBuildFile; fileRef = 7CE4D2FD23D33295004D6308 /* shouye-7.png */; };
		7CE4D30023D33501004D6308 /* weibiaoti--3.png in Resources */ = {isa = PBXBuildFile; fileRef = 7CE4D2FF23D33501004D6308 /* weibiaoti--3.png */; };
		7CE4D30223D3351F004D6308 /* wodedangxuan.png in Resources */ = {isa = PBXBuildFile; fileRef = 7CE4D30123D3351F004D6308 /* wodedangxuan.png */; };
		7CE4D30423D33629004D6308 /* xiaoxi-3.png in Resources */ = {isa = PBXBuildFile; fileRef = 7CE4D30323D33629004D6308 /* xiaoxi-3.png */; };
		7CE4D30623D33634004D6308 /* xiaoxi-2.png in Resources */ = {isa = PBXBuildFile; fileRef = 7CE4D30523D33634004D6308 /* xiaoxi-2.png */; };
		7CE4D30823D3374E004D6308 /* center.png in Resources */ = {isa = PBXBuildFile; fileRef = 7CE4D30723D3374D004D6308 /* center.png */; };
		7CE4D30A23D3374F004D6308 /* yuan.png in Resources */ = {isa = PBXBuildFile; fileRef = 7CE4D30923D3374E004D6308 /* yuan.png */; };
		7CE4D30D23D33DD1004D6308 /* IIMIneView.m in Sources */ = {isa = PBXBuildFile; fileRef = 7CE4D30C23D33DD1004D6308 /* IIMIneView.m */; };
		7CE4D31023D3565A004D6308 /* img-296933adb8764cbdf1f6e081ebde5d45.jpg in Resources */ = {isa = PBXBuildFile; fileRef = 7CE4D30F23D3565A004D6308 /* img-296933adb8764cbdf1f6e081ebde5d45.jpg */; };
/* End PBXBuildFile section */

/* Begin PBXFileReference section */
		08C6793B1A61F7AAE7C10477 /* Pods-IsolatedIsland Demo.release.xcconfig */ = {isa = PBXFileReference; includeInIndex = 1; lastKnownFileType = text.xcconfig; name = "Pods-IsolatedIsland Demo.release.xcconfig"; path = "Target Support Files/Pods-IsolatedIsland Demo/Pods-IsolatedIsland Demo.release.xcconfig"; sourceTree = "<group>"; };
		7811CCCF34EC7DE14DFA4EA7 /* libPods-IsolatedIsland Demo.a */ = {isa = PBXFileReference; explicitFileType = archive.ar; includeInIndex = 0; path = "libPods-IsolatedIsland Demo.a"; sourceTree = BUILT_PRODUCTS_DIR; };
		7C4FC25023D7350300D515E2 /* IIMessageVIew.h */ = {isa = PBXFileReference; lastKnownFileType = sourcecode.c.h; path = IIMessageVIew.h; sourceTree = "<group>"; };
		7C4FC25123D7350300D515E2 /* IIMessageVIew.m */ = {isa = PBXFileReference; lastKnownFileType = sourcecode.c.objc; path = IIMessageVIew.m; sourceTree = "<group>"; };
		7C72B46623D06A26006435F4 /* IsolatedIsland Demo.app */ = {isa = PBXFileReference; explicitFileType = wrapper.application; includeInIndex = 0; path = "IsolatedIsland Demo.app"; sourceTree = BUILT_PRODUCTS_DIR; };
		7C72B46923D06A26006435F4 /* AppDelegate.h */ = {isa = PBXFileReference; lastKnownFileType = sourcecode.c.h; path = AppDelegate.h; sourceTree = "<group>"; };
		7C72B46A23D06A26006435F4 /* AppDelegate.m */ = {isa = PBXFileReference; lastKnownFileType = sourcecode.c.objc; path = AppDelegate.m; sourceTree = "<group>"; };
		7C72B46C23D06A26006435F4 /* ViewController.h */ = {isa = PBXFileReference; lastKnownFileType = sourcecode.c.h; path = ViewController.h; sourceTree = "<group>"; };
		7C72B46D23D06A26006435F4 /* ViewController.m */ = {isa = PBXFileReference; lastKnownFileType = sourcecode.c.objc; path = ViewController.m; sourceTree = "<group>"; };
		7C72B47023D06A26006435F4 /* Base */ = {isa = PBXFileReference; lastKnownFileType = file.storyboard; name = Base; path = Base.lproj/Main.storyboard; sourceTree = "<group>"; };
		7C72B47223D06A34006435F4 /* Assets.xcassets */ = {isa = PBXFileReference; lastKnownFileType = folder.assetcatalog; path = Assets.xcassets; sourceTree = "<group>"; };
		7C72B47523D06A34006435F4 /* Base */ = {isa = PBXFileReference; lastKnownFileType = file.storyboard; name = Base; path = Base.lproj/LaunchScreen.storyboard; sourceTree = "<group>"; };
		7C72B47723D06A34006435F4 /* Info.plist */ = {isa = PBXFileReference; lastKnownFileType = text.plist.xml; path = Info.plist; sourceTree = "<group>"; };
		7C72B47823D06A34006435F4 /* main.m */ = {isa = PBXFileReference; lastKnownFileType = sourcecode.c.objc; path = main.m; sourceTree = "<group>"; };
		7C72B48C23D07303006435F4 /* LandingRegistrationView.h */ = {isa = PBXFileReference; lastKnownFileType = sourcecode.c.h; path = LandingRegistrationView.h; sourceTree = "<group>"; };
		7C72B48D23D07303006435F4 /* LandingRegistrationView.m */ = {isa = PBXFileReference; lastKnownFileType = sourcecode.c.objc; path = LandingRegistrationView.m; sourceTree = "<group>"; };
		7C72B49523D079B1006435F4 /* IILandRegistrationViewController.h */ = {isa = PBXFileReference; lastKnownFileType = sourcecode.c.h; path = IILandRegistrationViewController.h; sourceTree = "<group>"; };
		7C72B49623D079B1006435F4 /* IILandRegistrationViewController.m */ = {isa = PBXFileReference; lastKnownFileType = sourcecode.c.objc; path = IILandRegistrationViewController.m; sourceTree = "<group>"; };
		7C72B49823D079F3006435F4 /* IILandViewController.h */ = {isa = PBXFileReference; lastKnownFileType = sourcecode.c.h; path = IILandViewController.h; sourceTree = "<group>"; };
		7C72B49923D079F3006435F4 /* IILandViewController.m */ = {isa = PBXFileReference; lastKnownFileType = sourcecode.c.objc; path = IILandViewController.m; sourceTree = "<group>"; };
		7C72B49B23D07A0C006435F4 /* IILandView.h */ = {isa = PBXFileReference; lastKnownFileType = sourcecode.c.h; path = IILandView.h; sourceTree = "<group>"; };
		7C72B49C23D07A0C006435F4 /* IILandView.m */ = {isa = PBXFileReference; lastKnownFileType = sourcecode.c.objc; path = IILandView.m; sourceTree = "<group>"; };
		7C72B4A023D07AFF006435F4 /* back.png */ = {isa = PBXFileReference; lastKnownFileType = image.png; path = back.png; sourceTree = "<group>"; };
		7C72B4A223D07C95006435F4 /* spot.png */ = {isa = PBXFileReference; lastKnownFileType = image.png; path = spot.png; sourceTree = "<group>"; };
		7C72B4A423D0B30D006435F4 /* mimakejian.png */ = {isa = PBXFileReference; lastKnownFileType = image.png; path = mimakejian.png; sourceTree = "<group>"; };
		7C72B4A923D0B383006435F4 /* htmal5icon08-2.png */ = {isa = PBXFileReference; lastKnownFileType = image.png; path = "htmal5icon08-2.png"; sourceTree = "<group>"; };
		7C90DF4923D962B600AF04B6 /* jiahaoyou.png */ = {isa = PBXFileReference; lastKnownFileType = image.png; path = jiahaoyou.png; sourceTree = "<group>"; };
		7C90DF4B23D964D100AF04B6 /* IIGroupMessageTableViewCell.h */ = {isa = PBXFileReference; lastKnownFileType = sourcecode.c.h; path = IIGroupMessageTableViewCell.h; sourceTree = "<group>"; };
		7C90DF4C23D964D100AF04B6 /* IIGroupMessageTableViewCell.m */ = {isa = PBXFileReference; lastKnownFileType = sourcecode.c.objc; path = IIGroupMessageTableViewCell.m; sourceTree = "<group>"; };
		7C90DF4E23D9835300AF04B6 /* IIMessageGroupModel.h */ = {isa = PBXFileReference; lastKnownFileType = sourcecode.c.h; path = IIMessageGroupModel.h; sourceTree = "<group>"; };
		7C90DF4F23D9835300AF04B6 /* IIMessageGroupModel.m */ = {isa = PBXFileReference; lastKnownFileType = sourcecode.c.objc; path = IIMessageGroupModel.m; sourceTree = "<group>"; };
		7C90DF5123D987BC00AF04B6 /* tishi.png */ = {isa = PBXFileReference; lastKnownFileType = image.png; path = tishi.png; sourceTree = "<group>"; };
		7C90DF5323D987E200AF04B6 /* fangke.png */ = {isa = PBXFileReference; lastKnownFileType = image.png; path = fangke.png; sourceTree = "<group>"; };
		7C90DF5523D9891D00AF04B6 /* sixin.png */ = {isa = PBXFileReference; lastKnownFileType = image.png; path = sixin.png; sourceTree = "<group>"; };
		7C90DF5A23D9CED000AF04B6 /* IIMessageBounceView.h */ = {isa = PBXFileReference; lastKnownFileType = sourcecode.c.h; path = IIMessageBounceView.h; sourceTree = "<group>"; };
		7C90DF5B23D9CED000AF04B6 /* IIMessageBounceView.m */ = {isa = PBXFileReference; lastKnownFileType = sourcecode.c.objc; path = IIMessageBounceView.m; sourceTree = "<group>"; };
		7C90DF5D23D9CFC600AF04B6 /* IIMessagecellView.h */ = {isa = PBXFileReference; lastKnownFileType = sourcecode.c.h; path = IIMessagecellView.h; sourceTree = "<group>"; };
		7C90DF5E23D9CFC600AF04B6 /* IIMessagecellView.m */ = {isa = PBXFileReference; lastKnownFileType = sourcecode.c.objc; path = IIMessagecellView.m; sourceTree = "<group>"; };
		7C90DF6023D9DDF300AF04B6 /* tianjia.png */ = {isa = PBXFileReference; lastKnownFileType = image.png; path = tianjia.png; sourceTree = "<group>"; };
		7C90DF6223D9DE4000AF04B6 /* haoyou.png */ = {isa = PBXFileReference; lastKnownFileType = image.png; path = haoyou.png; sourceTree = "<group>"; };
		7C90DF6423D9DE5A00AF04B6 /* saoyisao-2.png */ = {isa = PBXFileReference; lastKnownFileType = image.png; path = "saoyisao-2.png"; sourceTree = "<group>"; };
		7CB36EC823D4A09B0043EBE7 /* IIMIneFourView.h */ = {isa = PBXFileReference; lastKnownFileType = sourcecode.c.h; path = IIMIneFourView.h; sourceTree = "<group>"; };
		7CB36EC923D4A09B0043EBE7 /* IIMIneFourView.m */ = {isa = PBXFileReference; lastKnownFileType = sourcecode.c.objc; path = IIMIneFourView.m; sourceTree = "<group>"; };
		7CB36ECB23D4AB560043EBE7 /* jiahao.png */ = {isa = PBXFileReference; lastKnownFileType = image.png; path = jiahao.png; sourceTree = "<group>"; };
		7CBC95CC23D58297006EB363 /* IIMIneTableViewCell.h */ = {isa = PBXFileReference; lastKnownFileType = sourcecode.c.h; path = IIMIneTableViewCell.h; sourceTree = "<group>"; };
		7CBC95CD23D58297006EB363 /* IIMIneTableViewCell.m */ = {isa = PBXFileReference; lastKnownFileType = sourcecode.c.objc; path = IIMIneTableViewCell.m; sourceTree = "<group>"; };
		7CBC95CF23D58948006EB363 /* zhankai-4.png */ = {isa = PBXFileReference; lastKnownFileType = image.png; path = "zhankai-4.png"; sourceTree = "<group>"; };
		7CBC95D123D589ED006EB363 /* 设置.png */ = {isa = PBXFileReference; lastKnownFileType = image.png; path = "设置.png"; sourceTree = "<group>"; };
		7CBC95D323D58A25006EB363 /* 表情管理.png */ = {isa = PBXFileReference; lastKnownFileType = image.png; path = "表情管理.png"; sourceTree = "<group>"; };
		7CBC95D523D58A5B006EB363 /* 私密信箱.png */ = {isa = PBXFileReference; lastKnownFileType = image.png; path = "私密信箱.png"; sourceTree = "<group>"; };
		7CBC95D723D58B2D006EB363 /* 管理岛屿.png */ = {isa = PBXFileReference; lastKnownFileType = image.png; path = "管理岛屿.png"; sourceTree = "<group>"; };
		7CBC95D923D5F041006EB363 /* IIMIneBounceView.h */ = {isa = PBXFileReference; lastKnownFileType = sourcecode.c.h; path = IIMIneBounceView.h; sourceTree = "<group>"; };
		7CBC95DA23D5F042006EB363 /* IIMIneBounceView.m */ = {isa = PBXFileReference; lastKnownFileType = sourcecode.c.objc; path = IIMIneBounceView.m; sourceTree = "<group>"; };
		7CBC95DC23D60289006EB363 /* anzhuoduanliulanqidakai.png */ = {isa = PBXFileReference; lastKnownFileType = image.png; path = anzhuoduanliulanqidakai.png; sourceTree = "<group>"; };
		7CBC95DE23D602E9006EB363 /* shantang-map-2.png */ = {isa = PBXFileReference; lastKnownFileType = image.png; path = "shantang-map-2.png"; sourceTree = "<group>"; };
		7CBC95E023D60BAF006EB363 /* 8B240582-2C3F-41BA-937F-38B440174DAC.png */ = {isa = PBXFileReference; lastKnownFileType = image.png; path = "8B240582-2C3F-41BA-937F-38B440174DAC.png"; sourceTree = "<group>"; };
		7CE4D2B523D2C127004D6308 /* IIRegistrationViewController.h */ = {isa = PBXFileReference; lastKnownFileType = sourcecode.c.h; path = IIRegistrationViewController.h; sourceTree = "<group>"; };
		7CE4D2B623D2C127004D6308 /* IIRegistrationViewController.m */ = {isa = PBXFileReference; lastKnownFileType = sourcecode.c.objc; path = IIRegistrationViewController.m; sourceTree = "<group>"; };
		7CE4D2B823D2C28B004D6308 /* IIRegistrationView.h */ = {isa = PBXFileReference; lastKnownFileType = sourcecode.c.h; path = IIRegistrationView.h; sourceTree = "<group>"; };
		7CE4D2B923D2C28B004D6308 /* IIRegistrationView.m */ = {isa = PBXFileReference; lastKnownFileType = sourcecode.c.objc; path = IIRegistrationView.m; sourceTree = "<group>"; };
		7CE4D2BC23D2C9A6004D6308 /* landSpot.png */ = {isa = PBXFileReference; lastKnownFileType = image.png; path = landSpot.png; sourceTree = "<group>"; };
		7CE4D2C223D2CF9E004D6308 /* IIForgetPageViewController.h */ = {isa = PBXFileReference; lastKnownFileType = sourcecode.c.h; path = IIForgetPageViewController.h; sourceTree = "<group>"; };
		7CE4D2C323D2CF9E004D6308 /* IIForgetPageViewController.m */ = {isa = PBXFileReference; lastKnownFileType = sourcecode.c.objc; path = IIForgetPageViewController.m; sourceTree = "<group>"; };
		7CE4D2C523D2D125004D6308 /* IIForgetView.h */ = {isa = PBXFileReference; lastKnownFileType = sourcecode.c.h; path = IIForgetView.h; sourceTree = "<group>"; };
		7CE4D2C623D2D125004D6308 /* IIForgetView.m */ = {isa = PBXFileReference; lastKnownFileType = sourcecode.c.objc; path = IIForgetView.m; sourceTree = "<group>"; };
		7CE4D2D823D2F3A5004D6308 /* IIMineViewController.h */ = {isa = PBXFileReference; lastKnownFileType = sourcecode.c.h; path = IIMineViewController.h; sourceTree = "<group>"; };
		7CE4D2D923D2F3A5004D6308 /* IIMineViewController.m */ = {isa = PBXFileReference; lastKnownFileType = sourcecode.c.objc; path = IIMineViewController.m; sourceTree = "<group>"; };
		7CE4D2DB23D2F3B8004D6308 /* IIMessageViewController.h */ = {isa = PBXFileReference; lastKnownFileType = sourcecode.c.h; path = IIMessageViewController.h; sourceTree = "<group>"; };
		7CE4D2DC23D2F3B8004D6308 /* IIMessageViewController.m */ = {isa = PBXFileReference; lastKnownFileType = sourcecode.c.objc; path = IIMessageViewController.m; sourceTree = "<group>"; };
		7CE4D2DE23D2F3D3004D6308 /* IIFindPageViewController.h */ = {isa = PBXFileReference; lastKnownFileType = sourcecode.c.h; path = IIFindPageViewController.h; sourceTree = "<group>"; };
		7CE4D2DF23D2F3D3004D6308 /* IIFindPageViewController.m */ = {isa = PBXFileReference; lastKnownFileType = sourcecode.c.objc; path = IIFindPageViewController.m; sourceTree = "<group>"; };
		7CE4D2E123D2F3E4004D6308 /* IIHomePageViewController.h */ = {isa = PBXFileReference; lastKnownFileType = sourcecode.c.h; path = IIHomePageViewController.h; sourceTree = "<group>"; };
		7CE4D2E223D2F3E4004D6308 /* IIHomePageViewController.m */ = {isa = PBXFileReference; lastKnownFileType = sourcecode.c.objc; path = IIHomePageViewController.m; sourceTree = "<group>"; };
		7CE4D2E923D2F7B4004D6308 /* home.png */ = {isa = PBXFileReference; lastKnownFileType = image.png; path = home.png; sourceTree = "<group>"; };
		7CE4D2EB23D2F7BA004D6308 /* find.png */ = {isa = PBXFileReference; lastKnownFileType = image.png; path = find.png; sourceTree = "<group>"; };
		7CE4D2ED23D2F7BF004D6308 /* message.png */ = {isa = PBXFileReference; lastKnownFileType = image.png; path = message.png; sourceTree = "<group>"; };
		7CE4D2EF23D2F7C4004D6308 /* mine.png */ = {isa = PBXFileReference; lastKnownFileType = image.png; path = mine.png; sourceTree = "<group>"; };
		7CE4D2F123D2F82B004D6308 /* homeSelect.png */ = {isa = PBXFileReference; lastKnownFileType = image.png; path = homeSelect.png; sourceTree = "<group>"; };
		7CE4D2F323D2F830004D6308 /* findSelect.png */ = {isa = PBXFileReference; lastKnownFileType = image.png; path = findSelect.png; sourceTree = "<group>"; };
		7CE4D2F523D2F835004D6308 /* messageSelect.png */ = {isa = PBXFileReference; lastKnownFileType = image.png; path = messageSelect.png; sourceTree = "<group>"; };
		7CE4D2F723D2F83A004D6308 /* mineSelect.png */ = {isa = PBXFileReference; lastKnownFileType = image.png; path = mineSelect.png; sourceTree = "<group>"; };
		7CE4D2F923D33203004D6308 /* shouye-6.png */ = {isa = PBXFileReference; lastKnownFileType = image.png; path = "shouye-6.png"; sourceTree = "<group>"; };
		7CE4D2FB23D33208004D6308 /* shouye-5.png */ = {isa = PBXFileReference; lastKnownFileType = image.png; path = "shouye-5.png"; sourceTree = "<group>"; };
		7CE4D2FD23D33295004D6308 /* shouye-7.png */ = {isa = PBXFileReference; lastKnownFileType = image.png; path = "shouye-7.png"; sourceTree = "<group>"; };
		7CE4D2FF23D33501004D6308 /* weibiaoti--3.png */ = {isa = PBXFileReference; lastKnownFileType = image.png; path = "weibiaoti--3.png"; sourceTree = "<group>"; };
		7CE4D30123D3351F004D6308 /* wodedangxuan.png */ = {isa = PBXFileReference; lastKnownFileType = image.png; path = wodedangxuan.png; sourceTree = "<group>"; };
		7CE4D30323D33629004D6308 /* xiaoxi-3.png */ = {isa = PBXFileReference; lastKnownFileType = image.png; path = "xiaoxi-3.png"; sourceTree = "<group>"; };
		7CE4D30523D33634004D6308 /* xiaoxi-2.png */ = {isa = PBXFileReference; lastKnownFileType = image.png; path = "xiaoxi-2.png"; sourceTree = "<group>"; };
		7CE4D30723D3374D004D6308 /* center.png */ = {isa = PBXFileReference; lastKnownFileType = image.png; path = center.png; sourceTree = "<group>"; };
		7CE4D30923D3374E004D6308 /* yuan.png */ = {isa = PBXFileReference; lastKnownFileType = image.png; path = yuan.png; sourceTree = "<group>"; };
		7CE4D30B23D33DD1004D6308 /* IIMIneView.h */ = {isa = PBXFileReference; lastKnownFileType = sourcecode.c.h; path = IIMIneView.h; sourceTree = "<group>"; };
		7CE4D30C23D33DD1004D6308 /* IIMIneView.m */ = {isa = PBXFileReference; lastKnownFileType = sourcecode.c.objc; path = IIMIneView.m; sourceTree = "<group>"; };
		7CE4D30F23D3565A004D6308 /* img-296933adb8764cbdf1f6e081ebde5d45.jpg */ = {isa = PBXFileReference; lastKnownFileType = image.jpeg; path = "img-296933adb8764cbdf1f6e081ebde5d45.jpg"; sourceTree = "<group>"; };
		D20CE1C603E2BE7961EDB7A2 /* Pods-IsolatedIsland Demo.debug.xcconfig */ = {isa = PBXFileReference; includeInIndex = 1; lastKnownFileType = text.xcconfig; name = "Pods-IsolatedIsland Demo.debug.xcconfig"; path = "Target Support Files/Pods-IsolatedIsland Demo/Pods-IsolatedIsland Demo.debug.xcconfig"; sourceTree = "<group>"; };
/* End PBXFileReference section */

/* Begin PBXFrameworksBuildPhase section */
		7C72B46323D06A26006435F4 /* Frameworks */ = {
			isa = PBXFrameworksBuildPhase;
			buildActionMask = 2147483647;
			files = (
				5FC824413C839AE1933BA73A /* libPods-IsolatedIsland Demo.a in Frameworks */,
			);
			runOnlyForDeploymentPostprocessing = 0;
		};
/* End PBXFrameworksBuildPhase section */

/* Begin PBXGroup section */
		7C72B45D23D06A26006435F4 = {
			isa = PBXGroup;
			children = (
				7C72B46823D06A26006435F4 /* IsolatedIsland Demo */,
				7C72B46723D06A26006435F4 /* Products */,
				D0E3A089757FA9E6656D05C6 /* Pods */,
				F620448C2468014E6A55A8C9 /* Frameworks */,
			);
			sourceTree = "<group>";
		};
		7C72B46723D06A26006435F4 /* Products */ = {
			isa = PBXGroup;
			children = (
				7C72B46623D06A26006435F4 /* IsolatedIsland Demo.app */,
			);
			name = Products;
			sourceTree = "<group>";
		};
		7C72B46823D06A26006435F4 /* IsolatedIsland Demo */ = {
			isa = PBXGroup;
			children = (
				7C72B46923D06A26006435F4 /* AppDelegate.h */,
				7C72B46A23D06A26006435F4 /* AppDelegate.m */,
				7C72B46C23D06A26006435F4 /* ViewController.h */,
				7C72B46D23D06A26006435F4 /* ViewController.m */,
				7C72B49E23D07ACF006435F4 /* Pic */,
				7CE4D2CB23D2F348004D6308 /* MInePage */,
				7CE4D2CA23D2F33A004D6308 /* MessagePage */,
				7CE4D2C923D2F301004D6308 /* FindPage  */,
				7CE4D2C823D2F2D1004D6308 /* HomePage */,
				7CE4D2BE23D2CF52004D6308 /* ForgetPage */,
				7C72B49423D07957006435F4 /* LandPage */,
				7C72B48F23D07923006435F4 /* Registration Page */,
				7C72B47F23D06F34006435F4 /* LandingRegistration page */,
				7C72B46F23D06A26006435F4 /* Main.storyboard */,
				7C72B47223D06A34006435F4 /* Assets.xcassets */,
				7C72B47423D06A34006435F4 /* LaunchScreen.storyboard */,
				7C72B47723D06A34006435F4 /* Info.plist */,
				7C72B47823D06A34006435F4 /* main.m */,
			);
			path = "IsolatedIsland Demo";
			sourceTree = "<group>";
		};
		7C72B47F23D06F34006435F4 /* LandingRegistration page */ = {
			isa = PBXGroup;
			children = (
				7C72B48023D06FB2006435F4 /* M */,
				7C72B48223D0703E006435F4 /* V */,
				7C72B48123D0703C006435F4 /* C */,
			);
			path = "LandingRegistration page";
			sourceTree = "<group>";
		};
		7C72B48023D06FB2006435F4 /* M */ = {
			isa = PBXGroup;
			children = (
			);
			path = M;
			sourceTree = "<group>";
		};
		7C72B48123D0703C006435F4 /* C */ = {
			isa = PBXGroup;
			children = (
				7C72B49523D079B1006435F4 /* IILandRegistrationViewController.h */,
				7C72B49623D079B1006435F4 /* IILandRegistrationViewController.m */,
			);
			path = C;
			sourceTree = "<group>";
		};
		7C72B48223D0703E006435F4 /* V */ = {
			isa = PBXGroup;
			children = (
				7C72B48C23D07303006435F4 /* LandingRegistrationView.h */,
				7C72B48D23D07303006435F4 /* LandingRegistrationView.m */,
			);
			path = V;
			sourceTree = "<group>";
		};
		7C72B48F23D07923006435F4 /* Registration Page */ = {
			isa = PBXGroup;
			children = (
				7C72B49223D0793F006435F4 /* M */,
				7C72B49123D0793D006435F4 /* V */,
				7C72B49023D0793A006435F4 /* C */,
			);
			path = "Registration Page";
			sourceTree = "<group>";
		};
		7C72B49023D0793A006435F4 /* C */ = {
			isa = PBXGroup;
			children = (
				7C72B49823D079F3006435F4 /* IILandViewController.h */,
				7C72B49923D079F3006435F4 /* IILandViewController.m */,
			);
			path = C;
			sourceTree = "<group>";
		};
		7C72B49123D0793D006435F4 /* V */ = {
			isa = PBXGroup;
			children = (
				7C72B49B23D07A0C006435F4 /* IILandView.h */,
				7C72B49C23D07A0C006435F4 /* IILandView.m */,
			);
			path = V;
			sourceTree = "<group>";
		};
		7C72B49223D0793F006435F4 /* M */ = {
			isa = PBXGroup;
			children = (
			);
			path = M;
			sourceTree = "<group>";
		};
		7C72B49423D07957006435F4 /* LandPage */ = {
			isa = PBXGroup;
			children = (
				7CE4D2AE23D2BFC4004D6308 /* M */,
				7CE4D2AD23D2BFBF004D6308 /* V */,
				7CE4D2AC23D2BFB7004D6308 /* C */,
			);
			path = LandPage;
			sourceTree = "<group>";
		};
		7C72B49E23D07ACF006435F4 /* Pic */ = {
			isa = PBXGroup;
			children = (
				7C90DF4823D9624400AF04B6 /* Message */,
				7CE4D30E23D35651004D6308 /* MIne */,
				7CE4D2E423D2F6D4004D6308 /* TabBar */,
				7CE4D2BB23D2C98B004D6308 /* Resigation */,
				7C72B49F23D07AE4006435F4 /* New Group */,
			);
			path = Pic;
			sourceTree = "<group>";
		};
		7C72B49F23D07AE4006435F4 /* New Group */ = {
			isa = PBXGroup;
			children = (
				7C72B4A923D0B383006435F4 /* htmal5icon08-2.png */,
				7C72B4A423D0B30D006435F4 /* mimakejian.png */,
				7C72B4A223D07C95006435F4 /* spot.png */,
				7C72B4A023D07AFF006435F4 /* back.png */,
			);
			path = "New Group";
			sourceTree = "<group>";
		};
		7C90DF4823D9624400AF04B6 /* Message */ = {
			isa = PBXGroup;
			children = (
				7C90DF4923D962B600AF04B6 /* jiahaoyou.png */,
				7C90DF5123D987BC00AF04B6 /* tishi.png */,
				7C90DF5323D987E200AF04B6 /* fangke.png */,
				7C90DF5523D9891D00AF04B6 /* sixin.png */,
				7C90DF6023D9DDF300AF04B6 /* tianjia.png */,
				7C90DF6223D9DE4000AF04B6 /* haoyou.png */,
				7C90DF6423D9DE5A00AF04B6 /* saoyisao-2.png */,
			);
			path = Message;
			sourceTree = "<group>";
		};
		7CE4D2AC23D2BFB7004D6308 /* C */ = {
			isa = PBXGroup;
			children = (
				7CE4D2B523D2C127004D6308 /* IIRegistrationViewController.h */,
				7CE4D2B623D2C127004D6308 /* IIRegistrationViewController.m */,
			);
			path = C;
			sourceTree = "<group>";
		};
		7CE4D2AD23D2BFBF004D6308 /* V */ = {
			isa = PBXGroup;
			children = (
				7CE4D2B823D2C28B004D6308 /* IIRegistrationView.h */,
				7CE4D2B923D2C28B004D6308 /* IIRegistrationView.m */,
			);
			path = V;
			sourceTree = "<group>";
		};
		7CE4D2AE23D2BFC4004D6308 /* M */ = {
			isa = PBXGroup;
			children = (
			);
			path = M;
			sourceTree = "<group>";
		};
		7CE4D2BB23D2C98B004D6308 /* Resigation */ = {
			isa = PBXGroup;
			children = (
				7CE4D2BC23D2C9A6004D6308 /* landSpot.png */,
			);
			path = Resigation;
			sourceTree = "<group>";
		};
		7CE4D2BE23D2CF52004D6308 /* ForgetPage */ = {
			isa = PBXGroup;
			children = (
				7CE4D2C123D2CF7D004D6308 /* M */,
				7CE4D2C023D2CF78004D6308 /* V */,
				7CE4D2BF23D2CF6E004D6308 /* C */,
			);
			path = ForgetPage;
			sourceTree = "<group>";
		};
		7CE4D2BF23D2CF6E004D6308 /* C */ = {
			isa = PBXGroup;
			children = (
				7CE4D2C223D2CF9E004D6308 /* IIForgetPageViewController.h */,
				7CE4D2C323D2CF9E004D6308 /* IIForgetPageViewController.m */,
			);
			path = C;
			sourceTree = "<group>";
		};
		7CE4D2C023D2CF78004D6308 /* V */ = {
			isa = PBXGroup;
			children = (
				7CE4D2C523D2D125004D6308 /* IIForgetView.h */,
				7CE4D2C623D2D125004D6308 /* IIForgetView.m */,
			);
			path = V;
			sourceTree = "<group>";
		};
		7CE4D2C123D2CF7D004D6308 /* M */ = {
			isa = PBXGroup;
			children = (
			);
			path = M;
			sourceTree = "<group>";
		};
		7CE4D2C823D2F2D1004D6308 /* HomePage */ = {
			isa = PBXGroup;
			children = (
				7CE4D2D723D2F388004D6308 /* M */,
				7CE4D2D623D2F383004D6308 /* V */,
				7CE4D2D523D2F37E004D6308 /* C */,
			);
			path = HomePage;
			sourceTree = "<group>";
		};
		7CE4D2C923D2F301004D6308 /* FindPage  */ = {
			isa = PBXGroup;
			children = (
				7CE4D2D423D2F378004D6308 /* M */,
				7CE4D2D323D2F374004D6308 /* V */,
				7CE4D2D223D2F36F004D6308 /* C */,
			);
			path = "FindPage ";
			sourceTree = "<group>";
		};
		7CE4D2CA23D2F33A004D6308 /* MessagePage */ = {
			isa = PBXGroup;
			children = (
				7CE4D2D123D2F369004D6308 /* M */,
				7CE4D2D023D2F365004D6308 /* V */,
				7CE4D2CF23D2F361004D6308 /* C */,
			);
			path = MessagePage;
			sourceTree = "<group>";
		};
		7CE4D2CB23D2F348004D6308 /* MInePage */ = {
			isa = PBXGroup;
			children = (
				7CE4D2CE23D2F35A004D6308 /* M */,
				7CE4D2CD23D2F356004D6308 /* V */,
				7CE4D2CC23D2F351004D6308 /* C */,
			);
			path = MInePage;
			sourceTree = "<group>";
		};
		7CE4D2CC23D2F351004D6308 /* C */ = {
			isa = PBXGroup;
			children = (
				7CE4D2D823D2F3A5004D6308 /* IIMineViewController.h */,
				7CE4D2D923D2F3A5004D6308 /* IIMineViewController.m */,
			);
			path = C;
			sourceTree = "<group>";
		};
		7CE4D2CD23D2F356004D6308 /* V */ = {
			isa = PBXGroup;
			children = (
				7CE4D30B23D33DD1004D6308 /* IIMIneView.h */,
				7CE4D30C23D33DD1004D6308 /* IIMIneView.m */,
				7CB36EC823D4A09B0043EBE7 /* IIMIneFourView.h */,
				7CB36EC923D4A09B0043EBE7 /* IIMIneFourView.m */,
				7CBC95D923D5F041006EB363 /* IIMIneBounceView.h */,
				7CBC95DA23D5F042006EB363 /* IIMIneBounceView.m */,
				7CBC95CC23D58297006EB363 /* IIMIneTableViewCell.h */,
				7CBC95CD23D58297006EB363 /* IIMIneTableViewCell.m */,
			);
			path = V;
			sourceTree = "<group>";
		};
		7CE4D2CE23D2F35A004D6308 /* M */ = {
			isa = PBXGroup;
			children = (
			);
			path = M;
			sourceTree = "<group>";
		};
		7CE4D2CF23D2F361004D6308 /* C */ = {
			isa = PBXGroup;
			children = (
				7CE4D2DB23D2F3B8004D6308 /* IIMessageViewController.h */,
				7CE4D2DC23D2F3B8004D6308 /* IIMessageViewController.m */,
			);
			path = C;
			sourceTree = "<group>";
		};
		7CE4D2D023D2F365004D6308 /* V */ = {
			isa = PBXGroup;
			children = (
				7C4FC25023D7350300D515E2 /* IIMessageVIew.h */,
				7C4FC25123D7350300D515E2 /* IIMessageVIew.m */,
				7C90DF4B23D964D100AF04B6 /* IIGroupMessageTableViewCell.h */,
				7C90DF4C23D964D100AF04B6 /* IIGroupMessageTableViewCell.m */,
				7C90DF5A23D9CED000AF04B6 /* IIMessageBounceView.h */,
				7C90DF5B23D9CED000AF04B6 /* IIMessageBounceView.m */,
				7C90DF5D23D9CFC600AF04B6 /* IIMessagecellView.h */,
				7C90DF5E23D9CFC600AF04B6 /* IIMessagecellView.m */,
			);
			path = V;
			sourceTree = "<group>";
		};
		7CE4D2D123D2F369004D6308 /* M */ = {
			isa = PBXGroup;
			children = (
				7C90DF4E23D9835300AF04B6 /* IIMessageGroupModel.h */,
				7C90DF4F23D9835300AF04B6 /* IIMessageGroupModel.m */,
			);
			path = M;
			sourceTree = "<group>";
		};
		7CE4D2D223D2F36F004D6308 /* C */ = {
			isa = PBXGroup;
			children = (
				7CE4D2DE23D2F3D3004D6308 /* IIFindPageViewController.h */,
				7CE4D2DF23D2F3D3004D6308 /* IIFindPageViewController.m */,
			);
			path = C;
			sourceTree = "<group>";
		};
		7CE4D2D323D2F374004D6308 /* V */ = {
			isa = PBXGroup;
			children = (
			);
			path = V;
			sourceTree = "<group>";
		};
		7CE4D2D423D2F378004D6308 /* M */ = {
			isa = PBXGroup;
			children = (
			);
			path = M;
			sourceTree = "<group>";
		};
		7CE4D2D523D2F37E004D6308 /* C */ = {
			isa = PBXGroup;
			children = (
				7CE4D2E123D2F3E4004D6308 /* IIHomePageViewController.h */,
				7CE4D2E223D2F3E4004D6308 /* IIHomePageViewController.m */,
			);
			path = C;
			sourceTree = "<group>";
		};
		7CE4D2D623D2F383004D6308 /* V */ = {
			isa = PBXGroup;
			children = (
			);
			path = V;
			sourceTree = "<group>";
		};
		7CE4D2D723D2F388004D6308 /* M */ = {
			isa = PBXGroup;
			children = (
			);
			path = M;
			sourceTree = "<group>";
		};
		7CE4D2E423D2F6D4004D6308 /* TabBar */ = {
			isa = PBXGroup;
			children = (
				7CE4D30723D3374D004D6308 /* center.png */,
				7CE4D30923D3374E004D6308 /* yuan.png */,
				7CE4D30323D33629004D6308 /* xiaoxi-3.png */,
				7CE4D30523D33634004D6308 /* xiaoxi-2.png */,
				7CE4D2FF23D33501004D6308 /* weibiaoti--3.png */,
				7CE4D2F923D33203004D6308 /* shouye-6.png */,
				7CE4D30123D3351F004D6308 /* wodedangxuan.png */,
				7CE4D2FB23D33208004D6308 /* shouye-5.png */,
				7CE4D2FD23D33295004D6308 /* shouye-7.png */,
				7CE4D2E923D2F7B4004D6308 /* home.png */,
				7CE4D2EB23D2F7BA004D6308 /* find.png */,
				7CE4D2ED23D2F7BF004D6308 /* message.png */,
				7CE4D2EF23D2F7C4004D6308 /* mine.png */,
				7CE4D2F123D2F82B004D6308 /* homeSelect.png */,
				7CE4D2F323D2F830004D6308 /* findSelect.png */,
				7CE4D2F523D2F835004D6308 /* messageSelect.png */,
				7CE4D2F723D2F83A004D6308 /* mineSelect.png */,
			);
			path = TabBar;
			sourceTree = "<group>";
		};
		7CE4D30E23D35651004D6308 /* MIne */ = {
			isa = PBXGroup;
			children = (
				7CBC95DE23D602E9006EB363 /* shantang-map-2.png */,
				7CBC95DC23D60289006EB363 /* anzhuoduanliulanqidakai.png */,
				7CBC95D723D58B2D006EB363 /* 管理岛屿.png */,
				7CBC95D523D58A5B006EB363 /* 私密信箱.png */,
				7CBC95D323D58A25006EB363 /* 表情管理.png */,
				7CBC95D123D589ED006EB363 /* 设置.png */,
				7CBC95CF23D58948006EB363 /* zhankai-4.png */,
				7CB36ECB23D4AB560043EBE7 /* jiahao.png */,
				7CE4D30F23D3565A004D6308 /* img-296933adb8764cbdf1f6e081ebde5d45.jpg */,
				7CBC95E023D60BAF006EB363 /* 8B240582-2C3F-41BA-937F-38B440174DAC.png */,
			);
			path = MIne;
			sourceTree = "<group>";
		};
		D0E3A089757FA9E6656D05C6 /* Pods */ = {
			isa = PBXGroup;
			children = (
				D20CE1C603E2BE7961EDB7A2 /* Pods-IsolatedIsland Demo.debug.xcconfig */,
				08C6793B1A61F7AAE7C10477 /* Pods-IsolatedIsland Demo.release.xcconfig */,
			);
			path = Pods;
			sourceTree = "<group>";
		};
		F620448C2468014E6A55A8C9 /* Frameworks */ = {
			isa = PBXGroup;
			children = (
				7811CCCF34EC7DE14DFA4EA7 /* libPods-IsolatedIsland Demo.a */,
			);
			name = Frameworks;
			sourceTree = "<group>";
		};
/* End PBXGroup section */

/* Begin PBXNativeTarget section */
		7C72B46523D06A26006435F4 /* IsolatedIsland Demo */ = {
			isa = PBXNativeTarget;
			buildConfigurationList = 7C72B47C23D06A34006435F4 /* Build configuration list for PBXNativeTarget "IsolatedIsland Demo" */;
			buildPhases = (
				1632A1DCCD569FBB41F2C2FB /* [CP] Check Pods Manifest.lock */,
				7C72B46223D06A26006435F4 /* Sources */,
				7C72B46323D06A26006435F4 /* Frameworks */,
				7C72B46423D06A26006435F4 /* Resources */,
			);
			buildRules = (
			);
			dependencies = (
			);
			name = "IsolatedIsland Demo";
			productName = "IsolatedIsland Demo";
			productReference = 7C72B46623D06A26006435F4 /* IsolatedIsland Demo.app */;
			productType = "com.apple.product-type.application";
		};
/* End PBXNativeTarget section */

/* Begin PBXProject section */
		7C72B45E23D06A26006435F4 /* Project object */ = {
			isa = PBXProject;
			attributes = {
				LastUpgradeCheck = 1020;
				ORGANIZATIONNAME = "岳靖翔";
				TargetAttributes = {
					7C72B46523D06A26006435F4 = {
						CreatedOnToolsVersion = 10.2.1;
					};
				};
			};
			buildConfigurationList = 7C72B46123D06A26006435F4 /* Build configuration list for PBXProject "IsolatedIsland Demo" */;
			compatibilityVersion = "Xcode 9.3";
			developmentRegion = en;
			hasScannedForEncodings = 0;
			knownRegions = (
				en,
				Base,
			);
			mainGroup = 7C72B45D23D06A26006435F4;
			productRefGroup = 7C72B46723D06A26006435F4 /* Products */;
			projectDirPath = "";
			projectRoot = "";
			targets = (
				7C72B46523D06A26006435F4 /* IsolatedIsland Demo */,
			);
		};
/* End PBXProject section */

/* Begin PBXResourcesBuildPhase section */
		7C72B46423D06A26006435F4 /* Resources */ = {
			isa = PBXResourcesBuildPhase;
			buildActionMask = 2147483647;
			files = (
				7CE4D2F023D2F7C4004D6308 /* mine.png in Resources */,
				7C72B4A123D07AFF006435F4 /* back.png in Resources */,
				7CE4D30223D3351F004D6308 /* wodedangxuan.png in Resources */,
				7CBC95D023D58948006EB363 /* zhankai-4.png in Resources */,
				7C72B47623D06A34006435F4 /* LaunchScreen.storyboard in Resources */,
				7CE4D30623D33634004D6308 /* xiaoxi-2.png in Resources */,
				7CBC95DD23D60289006EB363 /* anzhuoduanliulanqidakai.png in Resources */,
				7CE4D2EC23D2F7BA004D6308 /* find.png in Resources */,
				7C72B4AB23D0B383006435F4 /* htmal5icon08-2.png in Resources */,
				7CE4D30023D33501004D6308 /* weibiaoti--3.png in Resources */,
				7C72B47323D06A34006435F4 /* Assets.xcassets in Resources */,
				7CE4D2F823D2F83A004D6308 /* mineSelect.png in Resources */,
				7C72B4A523D0B30D006435F4 /* mimakejian.png in Resources */,
				7C90DF5423D987E200AF04B6 /* fangke.png in Resources */,
				7C90DF6123D9DDF300AF04B6 /* tianjia.png in Resources */,
				7CBC95D423D58A25006EB363 /* 表情管理.png in Resources */,
				7CE4D2FE23D33295004D6308 /* shouye-7.png in Resources */,
				7CBC95DF23D602E9006EB363 /* shantang-map-2.png in Resources */,
				7C90DF6523D9DE5A00AF04B6 /* saoyisao-2.png in Resources */,
				7CE4D2FA23D33203004D6308 /* shouye-6.png in Resources */,
				7CBC95D623D58A5B006EB363 /* 私密信箱.png in Resources */,
				7CBC95D823D58B2D006EB363 /* 管理岛屿.png in Resources */,
				7CB36ECC23D4AB560043EBE7 /* jiahao.png in Resources */,
				7CE4D2F423D2F831004D6308 /* findSelect.png in Resources */,
				7CE4D2FC23D33208004D6308 /* shouye-5.png in Resources */,
				7CE4D2EA23D2F7B4004D6308 /* home.png in Resources */,
				7CE4D30A23D3374F004D6308 /* yuan.png in Resources */,
				7CE4D2EE23D2F7BF004D6308 /* message.png in Resources */,
				7C90DF4A23D962B600AF04B6 /* jiahaoyou.png in Resources */,
				7C90DF6323D9DE4000AF04B6 /* haoyou.png in Resources */,
				7CBC95E123D60BAF006EB363 /* 8B240582-2C3F-41BA-937F-38B440174DAC.png in Resources */,
				7C90DF5623D9891D00AF04B6 /* sixin.png in Resources */,
				7C90DF5223D987BC00AF04B6 /* tishi.png in Resources */,
				7CE4D2F223D2F82B004D6308 /* homeSelect.png in Resources */,
				7CE4D30423D33629004D6308 /* xiaoxi-3.png in Resources */,
				7CBC95D223D589ED006EB363 /* 设置.png in Resources */,
				7C72B47123D06A26006435F4 /* Main.storyboard in Resources */,
				7CE4D2BD23D2C9A6004D6308 /* landSpot.png in Resources */,
				7CE4D2F623D2F835004D6308 /* messageSelect.png in Resources */,
				7CE4D30823D3374E004D6308 /* center.png in Resources */,
				7C72B4A323D07C95006435F4 /* spot.png in Resources */,
				7CE4D31023D3565A004D6308 /* img-296933adb8764cbdf1f6e081ebde5d45.jpg in Resources */,
			);
			runOnlyForDeploymentPostprocessing = 0;
		};
/* End PBXResourcesBuildPhase section */

/* Begin PBXShellScriptBuildPhase section */
		1632A1DCCD569FBB41F2C2FB /* [CP] Check Pods Manifest.lock */ = {
			isa = PBXShellScriptBuildPhase;
			buildActionMask = 2147483647;
			files = (
			);
			inputFileListPaths = (
			);
			inputPaths = (
				"${PODS_PODFILE_DIR_PATH}/Podfile.lock",
				"${PODS_ROOT}/Manifest.lock",
			);
			name = "[CP] Check Pods Manifest.lock";
			outputFileListPaths = (
			);
			outputPaths = (
				"$(DERIVED_FILE_DIR)/Pods-IsolatedIsland Demo-checkManifestLockResult.txt",
			);
			runOnlyForDeploymentPostprocessing = 0;
			shellPath = /bin/sh;
			shellScript = "diff \"${PODS_PODFILE_DIR_PATH}/Podfile.lock\" \"${PODS_ROOT}/Manifest.lock\" > /dev/null\nif [ $? != 0 ] ; then\n    # print error to STDERR\n    echo \"error: The sandbox is not in sync with the Podfile.lock. Run 'pod install' or update your CocoaPods installation.\" >&2\n    exit 1\nfi\n# This output is used by Xcode 'outputs' to avoid re-running this script phase.\necho \"SUCCESS\" > \"${SCRIPT_OUTPUT_FILE_0}\"\n";
			showEnvVarsInLog = 0;
		};
/* End PBXShellScriptBuildPhase section */

/* Begin PBXSourcesBuildPhase section */
		7C72B46223D06A26006435F4 /* Sources */ = {
			isa = PBXSourcesBuildPhase;
			buildActionMask = 2147483647;
			files = (
				7C90DF5F23D9CFC600AF04B6 /* IIMessagecellView.m in Sources */,
				7C72B49723D079B1006435F4 /* IILandRegistrationViewController.m in Sources */,
				7C72B46E23D06A26006435F4 /* ViewController.m in Sources */,
				7CE4D2C723D2D125004D6308 /* IIForgetView.m in Sources */,
				7C72B48E23D07303006435F4 /* LandingRegistrationView.m in Sources */,
				7C72B47923D06A34006435F4 /* main.m in Sources */,
				7CE4D2C423D2CF9E004D6308 /* IIForgetPageViewController.m in Sources */,
				7CE4D2BA23D2C28B004D6308 /* IIRegistrationView.m in Sources */,
				7CE4D2DA23D2F3A5004D6308 /* IIMineViewController.m in Sources */,
				7C72B49D23D07A0C006435F4 /* IILandView.m in Sources */,
				7C90DF4D23D964D100AF04B6 /* IIGroupMessageTableViewCell.m in Sources */,
				7CE4D2B723D2C127004D6308 /* IIRegistrationViewController.m in Sources */,
				7CE4D2E023D2F3D3004D6308 /* IIFindPageViewController.m in Sources */,
				7C72B46B23D06A26006435F4 /* AppDelegate.m in Sources */,
				7C90DF5023D9835300AF04B6 /* IIMessageGroupModel.m in Sources */,
				7C72B49A23D079F3006435F4 /* IILandViewController.m in Sources */,
				7C90DF5C23D9CED000AF04B6 /* IIMessageBounceView.m in Sources */,
				7CE4D30D23D33DD1004D6308 /* IIMIneView.m in Sources */,
				7CE4D2E323D2F3E4004D6308 /* IIHomePageViewController.m in Sources */,
				7CB36ECA23D4A09B0043EBE7 /* IIMIneFourView.m in Sources */,
				7C4FC25223D7350300D515E2 /* IIMessageVIew.m in Sources */,
				7CBC95CE23D58297006EB363 /* IIMIneTableViewCell.m in Sources */,
				7CBC95DB23D5F042006EB363 /* IIMIneBounceView.m in Sources */,
				7CE4D2DD23D2F3B8004D6308 /* IIMessageViewController.m in Sources */,
			);
			runOnlyForDeploymentPostprocessing = 0;
		};
/* End PBXSourcesBuildPhase section */

/* Begin PBXVariantGroup section */
		7C72B46F23D06A26006435F4 /* Main.storyboard */ = {
			isa = PBXVariantGroup;
			children = (
				7C72B47023D06A26006435F4 /* Base */,
			);
			name = Main.storyboard;
			sourceTree = "<group>";
		};
		7C72B47423D06A34006435F4 /* LaunchScreen.storyboard */ = {
			isa = PBXVariantGroup;
			children = (
				7C72B47523D06A34006435F4 /* Base */,
			);
			name = LaunchScreen.storyboard;
			sourceTree = "<group>";
		};
/* End PBXVariantGroup section */

/* Begin XCBuildConfiguration section */
		7C72B47A23D06A34006435F4 /* Debug */ = {
			isa = XCBuildConfiguration;
			buildSettings = {
				ALWAYS_SEARCH_USER_PATHS = NO;
				CLANG_ANALYZER_NONNULL = YES;
				CLANG_ANALYZER_NUMBER_OBJECT_CONVERSION = YES_AGGRESSIVE;
				CLANG_CXX_LANGUAGE_STANDARD = "gnu++14";
				CLANG_CXX_LIBRARY = "libc++";
				CLANG_ENABLE_MODULES = YES;
				CLANG_ENABLE_OBJC_ARC = YES;
				CLANG_ENABLE_OBJC_WEAK = YES;
				CLANG_WARN_BLOCK_CAPTURE_AUTORELEASING = YES;
				CLANG_WARN_BOOL_CONVERSION = YES;
				CLANG_WARN_COMMA = YES;
				CLANG_WARN_CONSTANT_CONVERSION = YES;
				CLANG_WARN_DEPRECATED_OBJC_IMPLEMENTATIONS = YES;
				CLANG_WARN_DIRECT_OBJC_ISA_USAGE = YES_ERROR;
				CLANG_WARN_DOCUMENTATION_COMMENTS = YES;
				CLANG_WARN_EMPTY_BODY = YES;
				CLANG_WARN_ENUM_CONVERSION = YES;
				CLANG_WARN_INFINITE_RECURSION = YES;
				CLANG_WARN_INT_CONVERSION = YES;
				CLANG_WARN_NON_LITERAL_NULL_CONVERSION = YES;
				CLANG_WARN_OBJC_IMPLICIT_RETAIN_SELF = YES;
				CLANG_WARN_OBJC_LITERAL_CONVERSION = YES;
				CLANG_WARN_OBJC_ROOT_CLASS = YES_ERROR;
				CLANG_WARN_RANGE_LOOP_ANALYSIS = YES;
				CLANG_WARN_STRICT_PROTOTYPES = YES;
				CLANG_WARN_SUSPICIOUS_MOVE = YES;
				CLANG_WARN_UNGUARDED_AVAILABILITY = YES_AGGRESSIVE;
				CLANG_WARN_UNREACHABLE_CODE = YES;
				CLANG_WARN__DUPLICATE_METHOD_MATCH = YES;
				CODE_SIGN_IDENTITY = "iPhone Developer";
				COPY_PHASE_STRIP = NO;
				DEBUG_INFORMATION_FORMAT = dwarf;
				ENABLE_STRICT_OBJC_MSGSEND = YES;
				ENABLE_TESTABILITY = YES;
				GCC_C_LANGUAGE_STANDARD = gnu11;
				GCC_DYNAMIC_NO_PIC = NO;
				GCC_NO_COMMON_BLOCKS = YES;
				GCC_OPTIMIZATION_LEVEL = 0;
				GCC_PREPROCESSOR_DEFINITIONS = (
					"DEBUG=1",
					"$(inherited)",
				);
				GCC_WARN_64_TO_32_BIT_CONVERSION = YES;
				GCC_WARN_ABOUT_RETURN_TYPE = YES_ERROR;
				GCC_WARN_UNDECLARED_SELECTOR = YES;
				GCC_WARN_UNINITIALIZED_AUTOS = YES_AGGRESSIVE;
				GCC_WARN_UNUSED_FUNCTION = YES;
				GCC_WARN_UNUSED_VARIABLE = YES;
				IPHONEOS_DEPLOYMENT_TARGET = 12.2;
				MTL_ENABLE_DEBUG_INFO = INCLUDE_SOURCE;
				MTL_FAST_MATH = YES;
				ONLY_ACTIVE_ARCH = YES;
				SDKROOT = iphoneos;
			};
			name = Debug;
		};
		7C72B47B23D06A34006435F4 /* Release */ = {
			isa = XCBuildConfiguration;
			buildSettings = {
				ALWAYS_SEARCH_USER_PATHS = NO;
				CLANG_ANALYZER_NONNULL = YES;
				CLANG_ANALYZER_NUMBER_OBJECT_CONVERSION = YES_AGGRESSIVE;
				CLANG_CXX_LANGUAGE_STANDARD = "gnu++14";
				CLANG_CXX_LIBRARY = "libc++";
				CLANG_ENABLE_MODULES = YES;
				CLANG_ENABLE_OBJC_ARC = YES;
				CLANG_ENABLE_OBJC_WEAK = YES;
				CLANG_WARN_BLOCK_CAPTURE_AUTORELEASING = YES;
				CLANG_WARN_BOOL_CONVERSION = YES;
				CLANG_WARN_COMMA = YES;
				CLANG_WARN_CONSTANT_CONVERSION = YES;
				CLANG_WARN_DEPRECATED_OBJC_IMPLEMENTATIONS = YES;
				CLANG_WARN_DIRECT_OBJC_ISA_USAGE = YES_ERROR;
				CLANG_WARN_DOCUMENTATION_COMMENTS = YES;
				CLANG_WARN_EMPTY_BODY = YES;
				CLANG_WARN_ENUM_CONVERSION = YES;
				CLANG_WARN_INFINITE_RECURSION = YES;
				CLANG_WARN_INT_CONVERSION = YES;
				CLANG_WARN_NON_LITERAL_NULL_CONVERSION = YES;
				CLANG_WARN_OBJC_IMPLICIT_RETAIN_SELF = YES;
				CLANG_WARN_OBJC_LITERAL_CONVERSION = YES;
				CLANG_WARN_OBJC_ROOT_CLASS = YES_ERROR;
				CLANG_WARN_RANGE_LOOP_ANALYSIS = YES;
				CLANG_WARN_STRICT_PROTOTYPES = YES;
				CLANG_WARN_SUSPICIOUS_MOVE = YES;
				CLANG_WARN_UNGUARDED_AVAILABILITY = YES_AGGRESSIVE;
				CLANG_WARN_UNREACHABLE_CODE = YES;
				CLANG_WARN__DUPLICATE_METHOD_MATCH = YES;
				CODE_SIGN_IDENTITY = "iPhone Developer";
				COPY_PHASE_STRIP = NO;
				DEBUG_INFORMATION_FORMAT = "dwarf-with-dsym";
				ENABLE_NS_ASSERTIONS = NO;
				ENABLE_STRICT_OBJC_MSGSEND = YES;
				GCC_C_LANGUAGE_STANDARD = gnu11;
				GCC_NO_COMMON_BLOCKS = YES;
				GCC_WARN_64_TO_32_BIT_CONVERSION = YES;
				GCC_WARN_ABOUT_RETURN_TYPE = YES_ERROR;
				GCC_WARN_UNDECLARED_SELECTOR = YES;
				GCC_WARN_UNINITIALIZED_AUTOS = YES_AGGRESSIVE;
				GCC_WARN_UNUSED_FUNCTION = YES;
				GCC_WARN_UNUSED_VARIABLE = YES;
				IPHONEOS_DEPLOYMENT_TARGET = 12.2;
				MTL_ENABLE_DEBUG_INFO = NO;
				MTL_FAST_MATH = YES;
				SDKROOT = iphoneos;
				VALIDATE_PRODUCT = YES;
			};
			name = Release;
		};
		7C72B47D23D06A34006435F4 /* Debug */ = {
			isa = XCBuildConfiguration;
			baseConfigurationReference = D20CE1C603E2BE7961EDB7A2 /* Pods-IsolatedIsland Demo.debug.xcconfig */;
			buildSettings = {
				ASSETCATALOG_COMPILER_APPICON_NAME = AppIcon;
				CODE_SIGN_STYLE = Automatic;
				INFOPLIST_FILE = "IsolatedIsland Demo/Info.plist";
				LD_RUNPATH_SEARCH_PATHS = (
					"$(inherited)",
					"@executable_path/Frameworks",
				);
				PRODUCT_BUNDLE_IDENTIFIER = "c.IsolatedIsland-Demo";
				PRODUCT_NAME = "$(TARGET_NAME)";
				TARGETED_DEVICE_FAMILY = "1,2";
			};
			name = Debug;
		};
		7C72B47E23D06A34006435F4 /* Release */ = {
			isa = XCBuildConfiguration;
			baseConfigurationReference = 08C6793B1A61F7AAE7C10477 /* Pods-IsolatedIsland Demo.release.xcconfig */;
			buildSettings = {
				ASSETCATALOG_COMPILER_APPICON_NAME = AppIcon;
				CODE_SIGN_STYLE = Automatic;
				INFOPLIST_FILE = "IsolatedIsland Demo/Info.plist";
				LD_RUNPATH_SEARCH_PATHS = (
					"$(inherited)",
					"@executable_path/Frameworks",
				);
				PRODUCT_BUNDLE_IDENTIFIER = "c.IsolatedIsland-Demo";
				PRODUCT_NAME = "$(TARGET_NAME)";
				TARGETED_DEVICE_FAMILY = "1,2";
			};
			name = Release;
		};
/* End XCBuildConfiguration section */

/* Begin XCConfigurationList section */
		7C72B46123D06A26006435F4 /* Build configuration list for PBXProject "IsolatedIsland Demo" */ = {
			isa = XCConfigurationList;
			buildConfigurations = (
				7C72B47A23D06A34006435F4 /* Debug */,
				7C72B47B23D06A34006435F4 /* Release */,
			);
			defaultConfigurationIsVisible = 0;
			defaultConfigurationName = Release;
		};
		7C72B47C23D06A34006435F4 /* Build configuration list for PBXNativeTarget "IsolatedIsland Demo" */ = {
			isa = XCConfigurationList;
			buildConfigurations = (
				7C72B47D23D06A34006435F4 /* Debug */,
				7C72B47E23D06A34006435F4 /* Release */,
			);
			defaultConfigurationIsVisible = 0;
			defaultConfigurationName = Release;
		};
/* End XCConfigurationList section */
	};
	rootObject = 7C72B45E23D06A26006435F4 /* Project object */;
}
